
Microsoft Visual Studio Solution File, Format Version 12.00
# Visual Studio Version 17
VisualStudioVersion = 17.8.34330.188
MinimumVisualStudioVersion = 10.0.40219.1
Project("{FAE04EC0-301F-11D3-BF4B-00C04F79EFBC}") = "Datenbankverwaltung", "Datenbankverwaltung\Datenbankverwaltung.csproj", "{B148244D-284D-43CD-BCAB-D825948882D2}"
EndProject
Global
	GlobalSection(SolutionConfigurationPlatforms) = preSolution
		Debug|Any CPU = Debug|Any CPU
		Release|Any CPU = Release|Any CPU
	EndGlobalSection
	GlobalSection(ProjectConfigurationPlatforms) = postSolution
		{B148244D-284D-43CD-BCAB-D825948882D2}.Debug|Any CPU.ActiveCfg = Debug|Any CPU
		{B148244D-284D-43CD-BCAB-D825948882D2}.Debug|Any CPU.Build.0 = Debug|Any CPU
		{B148244D-284D-43CD-BCAB-D825948882D2}.Release|Any CPU.ActiveCfg = Release|Any CPU
		{B148244D-284D-43CD-BCAB-D825948882D2}.Release|Any CPU.Build.0 = Release|Any CPU
	EndGlobalSection
	GlobalSection(SolutionProperties) = preSolution
		HideSolutionNode = FALSE
	EndGlobalSection
	GlobalSection(ExtensibilityGlobals) = postSolution
		SolutionGuid = {4A22B805-23D7-4FC1-A157-ACDE0EF0D9C5}
	EndGlobalSection
EndGlobal
